
 string nome;
            int idade;
            int telefone;
            int rg;
            int nascimento;
            string genero;
            string endereço;
            string experiencia;
            string formação;
            string carta;




            Console.WriteLine("digite seu nome");
        nome: Console.ReadLine();

            Console.WriteLine("digite sua idade");
        idade: Console.ReadLine();

            Console.WriteLine("digite seu telefone");
        telefone: Console.ReadLine();

            Console.WriteLine("digite seu rg");
        rg: Console.ReadLine();

            Console.WriteLine("digite seu nascimento");
        nascimento: Console.ReadLine();

            Console.WriteLine("digite seu genero");
        genero: Console.ReadLine();

            Console.WriteLine("digite seu endereço");
        endereço: Console.ReadLine();

            Console.WriteLine("digite sua experiencia");
        experiencia: Console.ReadLine();

            Console.WriteLine("digite sua formação");
        formação: Console.ReadLine();

            Console.WriteLine("digite sua carta");
        carta: Console.ReadLine();




            Console.ReadKey();
